
Microsoft Visual Studio Solution File, Format Version 12.00
# Visual Studio Version 17
VisualStudioVersion = 17.5.33530.505
MinimumVisualStudioVersion = 10.0.40219.1
Project("{FAE04EC0-301F-11D3-BF4B-00C04F79EFBC}") = "DaytimeLanternAPI", "DaytimeLanternAPI\DaytimeLanternAPI.csproj", "{58CB6E02-3DE4-427A-AD3C-2B60DFDEBCBF}"
EndProject
Global
	GlobalSection(SolutionConfigurationPlatforms) = preSolution
		Debug|Any CPU = Debug|Any CPU
		Release|Any CPU = Release|Any CPU
	EndGlobalSection
	GlobalSection(ProjectConfigurationPlatforms) = postSolution
		{58CB6E02-3DE4-427A-AD3C-2B60DFDEBCBF}.Debug|Any CPU.ActiveCfg = Debug|Any CPU
		{58CB6E02-3DE4-427A-AD3C-2B60DFDEBCBF}.Debug|Any CPU.Build.0 = Debug|Any CPU
		{58CB6E02-3DE4-427A-AD3C-2B60DFDEBCBF}.Release|Any CPU.ActiveCfg = Release|Any CPU
		{58CB6E02-3DE4-427A-AD3C-2B60DFDEBCBF}.Release|Any CPU.Build.0 = Release|Any CPU
	EndGlobalSection
	GlobalSection(SolutionProperties) = preSolution
		HideSolutionNode = FALSE
	EndGlobalSection
	GlobalSection(ExtensibilityGlobals) = postSolution
		SolutionGuid = {F59DD194-66F4-46AB-ABBB-D7BCC0926BE8}
	EndGlobalSection
EndGlobal
